
Microsoft Visual Studio Solution File, Format Version 12.00
# Visual Studio Version 17
VisualStudioVersion = 17.0.31912.275
MinimumVisualStudioVersion = 10.0.40219.1
Project("{FAE04EC0-301F-11D3-BF4B-00C04F79EFBC}") = "MiniCNC_ver2", "MiniCNC_ver2.csproj", "{26D155C4-A018-4718-B2FC-188001E19A24}"
EndProject
Global
	GlobalSection(SolutionConfigurationPlatforms) = preSolution
		Debug|Any CPU = Debug|Any CPU
		Release|Any CPU = Release|Any CPU
	EndGlobalSection
	GlobalSection(ProjectConfigurationPlatforms) = postSolution
		{26D155C4-A018-4718-B2FC-188001E19A24}.Debug|Any CPU.ActiveCfg = Debug|Any CPU
		{26D155C4-A018-4718-B2FC-188001E19A24}.Debug|Any CPU.Build.0 = Debug|Any CPU
		{26D155C4-A018-4718-B2FC-188001E19A24}.Release|Any CPU.ActiveCfg = Release|Any CPU
		{26D155C4-A018-4718-B2FC-188001E19A24}.Release|Any CPU.Build.0 = Release|Any CPU
	EndGlobalSection
	GlobalSection(SolutionProperties) = preSolution
		HideSolutionNode = FALSE
	EndGlobalSection
	GlobalSection(ExtensibilityGlobals) = postSolution
		SolutionGuid = {4A160845-6FE9-4EF1-A23F-8DDD749D0F66}
	EndGlobalSection
EndGlobal
